
Microsoft Visual Studio Solution File, Format Version 12.00
# Visual Studio Version 17
VisualStudioVersion = 17.11.35327.3
MinimumVisualStudioVersion = 10.0.40219.1
Project("{9A19103F-16F7-4668-BE54-9A1E7A4F7556}") = "SimpleProjectManager.Module", "SimpleProjectManager.Module\SimpleProjectManager.Module.csproj", "{F4E90A5F-6568-48EE-BFAD-8A1DB6F6BAD9}"
EndProject
Project("{9A19103F-16F7-4668-BE54-9A1E7A4F7556}") = "SimpleProjectManager.Win", "SimpleProjectManager.Win\SimpleProjectManager.Win.csproj", "{839418A6-F3C1-49AD-88BB-63D45A49D197}"
EndProject
Project("{9A19103F-16F7-4668-BE54-9A1E7A4F7556}") = "SimpleProjectManager.Blazor.Server", "SimpleProjectManager.Blazor.Server\SimpleProjectManager.Blazor.Server.csproj", "{FA85B129-718A-4DFF-B763-05F008B83027}"
EndProject
Global
	GlobalSection(SolutionConfigurationPlatforms) = preSolution
		Debug|Any CPU = Debug|Any CPU
		EasyTest|Any CPU = EasyTest|Any CPU
		Release|Any CPU = Release|Any CPU
	EndGlobalSection
	GlobalSection(ProjectConfigurationPlatforms) = postSolution
		{F4E90A5F-6568-48EE-BFAD-8A1DB6F6BAD9}.Debug|Any CPU.ActiveCfg = Debug|Any CPU
		{F4E90A5F-6568-48EE-BFAD-8A1DB6F6BAD9}.Debug|Any CPU.Build.0 = Debug|Any CPU
		{F4E90A5F-6568-48EE-BFAD-8A1DB6F6BAD9}.EasyTest|Any CPU.ActiveCfg = EasyTest|Any CPU
		{F4E90A5F-6568-48EE-BFAD-8A1DB6F6BAD9}.EasyTest|Any CPU.Build.0 = EasyTest|Any CPU
		{F4E90A5F-6568-48EE-BFAD-8A1DB6F6BAD9}.Release|Any CPU.ActiveCfg = Release|Any CPU
		{F4E90A5F-6568-48EE-BFAD-8A1DB6F6BAD9}.Release|Any CPU.Build.0 = Release|Any CPU
		{839418A6-F3C1-49AD-88BB-63D45A49D197}.Debug|Any CPU.ActiveCfg = Debug|Any CPU
		{839418A6-F3C1-49AD-88BB-63D45A49D197}.Debug|Any CPU.Build.0 = Debug|Any CPU
		{839418A6-F3C1-49AD-88BB-63D45A49D197}.EasyTest|Any CPU.ActiveCfg = EasyTest|Any CPU
		{839418A6-F3C1-49AD-88BB-63D45A49D197}.EasyTest|Any CPU.Build.0 = EasyTest|Any CPU
		{839418A6-F3C1-49AD-88BB-63D45A49D197}.Release|Any CPU.ActiveCfg = Release|Any CPU
		{839418A6-F3C1-49AD-88BB-63D45A49D197}.Release|Any CPU.Build.0 = Release|Any CPU
		{FA85B129-718A-4DFF-B763-05F008B83027}.Debug|Any CPU.ActiveCfg = Debug|Any CPU
		{FA85B129-718A-4DFF-B763-05F008B83027}.Debug|Any CPU.Build.0 = Debug|Any CPU
		{FA85B129-718A-4DFF-B763-05F008B83027}.EasyTest|Any CPU.ActiveCfg = EasyTest|Any CPU
		{FA85B129-718A-4DFF-B763-05F008B83027}.EasyTest|Any CPU.Build.0 = EasyTest|Any CPU
		{FA85B129-718A-4DFF-B763-05F008B83027}.Release|Any CPU.ActiveCfg = Release|Any CPU
		{FA85B129-718A-4DFF-B763-05F008B83027}.Release|Any CPU.Build.0 = Release|Any CPU
	EndGlobalSection
	GlobalSection(SolutionProperties) = preSolution
		HideSolutionNode = FALSE
	EndGlobalSection
	GlobalSection(ExtensibilityGlobals) = postSolution
		SolutionGuid = {8C4BAC1F-A97B-4441-A746-1E7C1BAF2EB6}
	EndGlobalSection
EndGlobal
